{
  "types": {
    "process": {
      "gref_hash": "c7a6cc4739f2a6aa697342cf67d4924b8be757dbc2bd9eae395bc939f10d54ea",
      "type": "sys-process:Root"
    },
    "sys_http": {
      "gref_hash": "3ed2c2f0ea31bb0a44195be921dd424c2a43732f7d0289edf110619ec287c45a",
      "type": "sys-http:Root"
    },
    "clock": {
      "gref_hash": "da9d1c247b69702ed49d157f0d697d132f917d00f407438e43c7e438c837c024",
      "type": "sys-clock:Root"
    }
  },
  "imports": [
    {
      "name": "sys-http",
      "schema": {
        "types": [
          {
            "name": "Root",
            "description": "",
            "actions": [
              {
                "name": "post",
                "description": "",
                "type": "Resource",
                "params": [
                  {
                    "name": "url",
                    "type": "String"
                  },
                  {
                    "name": "headers",
                    "type": "String"
                  },
                  {
                    "name": "body",
                    "type": "String"
                  }
                ],
                "hints": {}
              },
              {
                "name": "put",
                "description": "",
                "type": "Resource",
                "params": [
                  {
                    "name": "url",
                    "type": "String"
                  },
                  {
                    "name": "headers",
                    "type": "String"
                  },
                  {
                    "name": "body",
                    "type": "String"
                  }
                ],
                "hints": {}
              },
              {
                "name": "patch",
                "description": "",
                "type": "Resource",
                "params": [
                  {
                    "name": "url",
                    "type": "String"
                  },
                  {
                    "name": "headers",
                    "type": "String"
                  },
                  {
                    "name": "body",
                    "type": "String"
                  }
                ],
                "hints": {}
              },
              {
                "name": "delete",
                "description": "",
                "type": "Resource",
                "params": [
                  {
                    "name": "url",
                    "type": "String"
                  },
                  {
                    "name": "headers",
                    "type": "String"
                  },
                  {
                    "name": "body",
                    "type": "String"
                  }
                ],
                "hints": {}
              }
            ],
            "fields": [
              {
                "name": "get",
                "description": "",
                "type": "Resource",
                "params": [
                  {
                    "name": "url",
                    "type": "String"
                  },
                  {
                    "name": "headers",
                    "type": "String"
                  }
                ],
                "hints": {}
              }
            ],
            "events": []
          },
          {
            "name": "Resource",
            "description": "",
            "actions": [],
            "fields": [
              {
                "name": "status",
                "description": "",
                "type": "Int",
                "params": [],
                "hints": {}
              },
              {
                "name": "headers",
                "description": "",
                "type": "String",
                "params": [],
                "hints": {}
              },
              {
                "name": "body",
                "description": "",
                "type": "String",
                "params": [],
                "hints": {}
              }
            ],
            "events": []
          }
        ],
        "imports": []
      },
      "source": {
        "Program": "tbd"
      }
    },
    {
      "name": "sys-clock",
      "schema": {
        "types": [
          {
            "name": "Root",
            "description": "",
            "actions": [
              {
                "name": "sleep",
                "description": "",
                "type": "Void",
                "params": [
                  {
                    "name": "key",
                    "type": "String"
                  },
                  {
                    "name": "seconds",
                    "type": "Float"
                  }
                ],
                "hints": {}
              }
            ],
            "fields": [],
            "events": [
              {
                "name": "timer",
                "description": "",
                "type": "TimerEvent",
                "params": [
                  {
                    "name": "key",
                    "type": "String"
                  },
                  {
                    "name": "spec",
                    "type": "String"
                  },
                  {
                    "name": "maxCount",
                    "type": "Int"
                  }
                ],
                "hints": {}
              },
              {
                "name": "timerAt",
                "description": "",
                "type": "TimerEvent",
                "params": [
                  {
                    "name": "key",
                    "type": "String"
                  },
                  {
                    "name": "seconds",
                    "type": "String"
                  }
                ],
                "hints": {}
              }
            ]
          },
          {
            "name": "TimerEvent",
            "description": "",
            "actions": [],
            "fields": [
              {
                "name": "id",
                "description": "",
                "type": "String",
                "params": [],
                "hints": {}
              }
            ],
            "events": []
          }
        ],
        "imports": []
      },
      "source": {
        "Program": "tbd"
      }
    },
    {
      "name": "sys-process",
      "schema": {
        "types": [
          {
            "name": "Root",
            "description": "",
            "actions": [],
            "fields": [
              {
                "name": "endpointUrl",
                "description": "Gets the program's own endpoint URL",
                "type": "String",
                "params": [],
                "hints": {}
              }
            ],
            "events": []
          }
        ],
        "imports": []
      },
      "source": {
        "Program": "tbd"
      }
    }
  ]
}